
Microsoft Visual Studio Solution File, Format Version 12.00
# Visual Studio Version 16
VisualStudioVersion = 16.0.29609.76
MinimumVisualStudioVersion = 10.0.40219.1
Project("{9A19103F-16F7-4668-BE54-9A1E7A4F7556}") = "RecruitmentSelection.UI", "RecruitmentSelection.UI\RecruitmentSelection.UI.csproj", "{02C64AEB-A887-41D1-8659-DC48AED74B75}"
EndProject
Global
	GlobalSection(SolutionConfigurationPlatforms) = preSolution
		Debug|Any CPU = Debug|Any CPU
		Release|Any CPU = Release|Any CPU
	EndGlobalSection
	GlobalSection(ProjectConfigurationPlatforms) = postSolution
		{02C64AEB-A887-41D1-8659-DC48AED74B75}.Debug|Any CPU.ActiveCfg = Debug|Any CPU
		{02C64AEB-A887-41D1-8659-DC48AED74B75}.Debug|Any CPU.Build.0 = Debug|Any CPU
		{02C64AEB-A887-41D1-8659-DC48AED74B75}.Release|Any CPU.ActiveCfg = Release|Any CPU
		{02C64AEB-A887-41D1-8659-DC48AED74B75}.Release|Any CPU.Build.0 = Release|Any CPU
	EndGlobalSection
	GlobalSection(SolutionProperties) = preSolution
		HideSolutionNode = FALSE
	EndGlobalSection
	GlobalSection(ExtensibilityGlobals) = postSolution
		SolutionGuid = {5638DC4B-4502-4923-8D73-59BDCF379FE5}
	EndGlobalSection
EndGlobal
